
Microsoft Visual Studio Solution File, Format Version 12.00
# Visual Studio Version 16
VisualStudioVersion = 16.0.30615.102
MinimumVisualStudioVersion = 10.0.40219.1
Project("{9A19103F-16F7-4668-BE54-9A1E7A4F7556}") = "blazor-wasm", "blazor-wasm.csproj", "{9761A3A7-1672-4AB0-BD07-F731D84AB460}"
EndProject
Global
	GlobalSection(SolutionConfigurationPlatforms) = preSolution
		Debug|Any CPU = Debug|Any CPU
		Release|Any CPU = Release|Any CPU
	EndGlobalSection
	GlobalSection(ProjectConfigurationPlatforms) = postSolution
		{9761A3A7-1672-4AB0-BD07-F731D84AB460}.Debug|Any CPU.ActiveCfg = Debug|Any CPU
		{9761A3A7-1672-4AB0-BD07-F731D84AB460}.Debug|Any CPU.Build.0 = Debug|Any CPU
		{9761A3A7-1672-4AB0-BD07-F731D84AB460}.Release|Any CPU.ActiveCfg = Release|Any CPU
		{9761A3A7-1672-4AB0-BD07-F731D84AB460}.Release|Any CPU.Build.0 = Release|Any CPU
	EndGlobalSection
	GlobalSection(SolutionProperties) = preSolution
		HideSolutionNode = FALSE
	EndGlobalSection
	GlobalSection(ExtensibilityGlobals) = postSolution
		SolutionGuid = {C7253107-4382-4644-967F-D3BEA5F6E621}
	EndGlobalSection
EndGlobal
